// !$*UTF8*$!
{
	archiveVersion = 1;
	classes = {
	};
	objectVersion = 50;
	objects = {

/* Begin PBXBuildFile section */
		22A8E98F259D72D600991200 /* NationalParkMapOverlayApp.swift in Sources */ = {isa = PBXBuildFile; fileRef = 22A8E98E259D72D600991200 /* NationalParkMapOverlayApp.swift */; };
		22A8E991259D72D600991200 /* ContentView.swift in Sources */ = {isa = PBXBuildFile; fileRef = 22A8E990259D72D600991200 /* ContentView.swift */; };
		22A8E993259D72D700991200 /* Assets.xcassets in Resources */ = {isa = PBXBuildFile; fileRef = 22A8E992259D72D700991200 /* Assets.xcassets */; };
		22A8E996259D72D700991200 /* Preview Assets.xcassets in Resources */ = {isa = PBXBuildFile; fileRef = 22A8E995259D72D700991200 /* Preview Assets.xcassets */; };
		22A8E99F259D7DEF00991200 /* MapView.swift in Sources */ = {isa = PBXBuildFile; fileRef = 22A8E99E259D7DEF00991200 /* MapView.swift */; };
		22A8E9A3259D801800991200 /* CoreLocation.framework in Frameworks */ = {isa = PBXBuildFile; fileRef = 22A8E9A2259D801800991200 /* CoreLocation.framework */; };
		22D594DD25A419D1003DD2D5 /* ParkAnnotationView.swift in Sources */ = {isa = PBXBuildFile; fileRef = 22D594DC25A419D1003DD2D5 /* ParkAnnotationView.swift */; };
		22D594E125A419E1003DD2D5 /* ParkAnnotation.swift in Sources */ = {isa = PBXBuildFile; fileRef = 22D594E025A419E1003DD2D5 /* ParkAnnotation.swift */; };
/* End PBXBuildFile section */

/* Begin PBXFileReference section */
		22A8E98B259D72D600991200 /* NationalParkMapOverlay.app */ = {isa = PBXFileReference; explicitFileType = wrapper.application; includeInIndex = 0; path = NationalParkMapOverlay.app; sourceTree = BUILT_PRODUCTS_DIR; };
		22A8E98E259D72D600991200 /* NationalParkMapOverlayApp.swift */ = {isa = PBXFileReference; lastKnownFileType = sourcecode.swift; path = NationalParkMapOverlayApp.swift; sourceTree = "<group>"; };
		22A8E990259D72D600991200 /* ContentView.swift */ = {isa = PBXFileReference; lastKnownFileType = sourcecode.swift; path = ContentView.swift; sourceTree = "<group>"; };
		22A8E992259D72D700991200 /* Assets.xcassets */ = {isa = PBXFileReference; lastKnownFileType = folder.assetcatalog; path = Assets.xcassets; sourceTree = "<group>"; };
		22A8E995259D72D700991200 /* Preview Assets.xcassets */ = {isa = PBXFileReference; lastKnownFileType = folder.assetcatalog; path = "Preview Assets.xcassets"; sourceTree = "<group>"; };
		22A8E997259D72D700991200 /* Info.plist */ = {isa = PBXFileReference; lastKnownFileType = text.plist.xml; path = Info.plist; sourceTree = "<group>"; };
		22A8E99E259D7DEF00991200 /* MapView.swift */ = {isa = PBXFileReference; lastKnownFileType = sourcecode.swift; path = MapView.swift; sourceTree = "<group>"; };
		22A8E9A2259D801800991200 /* CoreLocation.framework */ = {isa = PBXFileReference; lastKnownFileType = wrapper.framework; name = CoreLocation.framework; path = System/Library/Frameworks/CoreLocation.framework; sourceTree = SDKROOT; };
		22D594DC25A419D1003DD2D5 /* ParkAnnotationView.swift */ = {isa = PBXFileReference; lastKnownFileType = sourcecode.swift; path = ParkAnnotationView.swift; sourceTree = "<group>"; };
		22D594E025A419E1003DD2D5 /* ParkAnnotation.swift */ = {isa = PBXFileReference; lastKnownFileType = sourcecode.swift; path = ParkAnnotation.swift; sourceTree = "<group>"; };
/* End PBXFileReference section */

/* Begin PBXFrameworksBuildPhase section */
		22A8E988259D72D600991200 /* Frameworks */ = {
			isa = PBXFrameworksBuildPhase;
			buildActionMask = 2147483647;
			files = (
				22A8E9A3259D801800991200 /* CoreLocation.framework in Frameworks */,
			);
			runOnlyForDeploymentPostprocessing = 0;
		};
/* End PBXFrameworksBuildPhase section */

/* Begin PBXGroup section */
		22A8E982259D72D600991200 = {
			isa = PBXGroup;
			children = (
				22A8E98D259D72D600991200 /* NationalParkMapOverlay */,
				22A8E98C259D72D600991200 /* Products */,
				22A8E9A1259D801800991200 /* Frameworks */,
			);
			sourceTree = "<group>";
		};
		22A8E98C259D72D600991200 /* Products */ = {
			isa = PBXGroup;
			children = (
				22A8E98B259D72D600991200 /* NationalParkMapOverlay.app */,
			);
			name = Products;
			sourceTree = "<group>";
		};
		22A8E98D259D72D600991200 /* NationalParkMapOverlay */ = {
			isa = PBXGroup;
			children = (
				22A8E98E259D72D600991200 /* NationalParkMapOverlayApp.swift */,
				22A8E990259D72D600991200 /* ContentView.swift */,
				22A8E99E259D7DEF00991200 /* MapView.swift */,
				22A8E992259D72D700991200 /* Assets.xcassets */,
				22A8E997259D72D700991200 /* Info.plist */,
				22A8E994259D72D700991200 /* Preview Content */,
				22D594DC25A419D1003DD2D5 /* ParkAnnotationView.swift */,
				22D594E025A419E1003DD2D5 /* ParkAnnotation.swift */,
			);
			path = NationalParkMapOverlay;
			sourceTree = "<group>";
		};
		22A8E994259D72D700991200 /* Preview Content */ = {
			isa = PBXGroup;
			children = (
				22A8E995259D72D700991200 /* Preview Assets.xcassets */,
			);
			path = "Preview Content";
			sourceTree = "<group>";
		};
		22A8E9A1259D801800991200 /* Frameworks */ = {
			isa = PBXGroup;
			children = (
				22A8E9A2259D801800991200 /* CoreLocation.framework */,
			);
			name = Frameworks;
			sourceTree = "<group>";
		};
/* End PBXGroup section */

/* Begin PBXNativeTarget section */
		22A8E98A259D72D600991200 /* NationalParkMapOverlay */ = {
			isa = PBXNativeTarget;
			buildConfigurationList = 22A8E99A259D72D700991200 /* Build configuration list for PBXNativeTarget "NationalParkMapOverlay" */;
			buildPhases = (
				22A8E987259D72D600991200 /* Sources */,
				22A8E988259D72D600991200 /* Frameworks */,
				22A8E989259D72D600991200 /* Resources */,
			);
			buildRules = (
			);
			dependencies = (
			);
			name = NationalParkMapOverlay;
			productName = NationalParkMapOverlay;
			productReference = 22A8E98B259D72D600991200 /* NationalParkMapOverlay.app */;
			productType = "com.apple.product-type.application";
		};
/* End PBXNativeTarget section */

/* Begin PBXProject section */
		22A8E983259D72D600991200 /* Project object */ = {
			isa = PBXProject;
			attributes = {
				LastSwiftUpdateCheck = 1230;
				LastUpgradeCheck = 1230;
				TargetAttributes = {
					22A8E98A259D72D600991200 = {
						CreatedOnToolsVersion = 12.3;
					};
				};
			};
			buildConfigurationList = 22A8E986259D72D600991200 /* Build configuration list for PBXProject "NationalParkMapOverlay" */;
			compatibilityVersion = "Xcode 9.3";
			developmentRegion = en;
			hasScannedForEncodings = 0;
			knownRegions = (
				en,
				Base,
			);
			mainGroup = 22A8E982259D72D600991200;
			productRefGroup = 22A8E98C259D72D600991200 /* Products */;
			projectDirPath = "";
			projectRoot = "";
			targets = (
				22A8E98A259D72D600991200 /* NationalParkMapOverlay */,
			);
		};
/* End PBXProject section */

/* Begin PBXResourcesBuildPhase section */
		22A8E989259D72D600991200 /* Resources */ = {
			isa = PBXResourcesBuildPhase;
			buildActionMask = 2147483647;
			files = (
				22A8E996259D72D700991200 /* Preview Assets.xcassets in Resources */,
				22A8E993259D72D700991200 /* Assets.xcassets in Resources */,
			);
			runOnlyForDeploymentPostprocessing = 0;
		};
/* End PBXResourcesBuildPhase section */

/* Begin PBXSourcesBuildPhase section */
		22A8E987259D72D600991200 /* Sources */ = {
			isa = PBXSourcesBuildPhase;
			buildActionMask = 2147483647;
			files = (
				22D594E125A419E1003DD2D5 /* ParkAnnotation.swift in Sources */,
				22A8E991259D72D600991200 /* ContentView.swift in Sources */,
				22A8E99F259D7DEF00991200 /* MapView.swift in Sources */,
				22A8E98F259D72D600991200 /* NationalParkMapOverlayApp.swift in Sources */,
				22D594DD25A419D1003DD2D5 /* ParkAnnotationView.swift in Sources */,
			);
			runOnlyForDeploymentPostprocessing = 0;
		};
/* End PBXSourcesBuildPhase section */

/* Begin XCBuildConfiguration section */
		22A8E998259D72D700991200 /* Debug */ = {
			isa = XCBuildConfiguration;
			buildSettings = {
				ALWAYS_SEARCH_USER_PATHS = NO;
				CLANG_ANALYZER_NONNULL = YES;
				CLANG_ANALYZER_NUMBER_OBJECT_CONVERSION = YES_AGGRESSIVE;
				CLANG_CXX_LANGUAGE_STANDARD = "gnu++14";
				CLANG_CXX_LIBRARY = "libc++";
				CLANG_ENABLE_MODULES = YES;
				CLANG_ENABLE_OBJC_ARC = YES;
				CLANG_ENABLE_OBJC_WEAK = YES;
				CLANG_WARN_BLOCK_CAPTURE_AUTORELEASING = YES;
				CLANG_WARN_BOOL_CONVERSION = YES;
				CLANG_WARN_COMMA = YES;
				CLANG_WARN_CONSTANT_CONVERSION = YES;
				CLANG_WARN_DEPRECATED_OBJC_IMPLEMENTATIONS = YES;
				CLANG_WARN_DIRECT_OBJC_ISA_USAGE = YES_ERROR;
				CLANG_WARN_DOCUMENTATION_COMMENTS = YES;
				CLANG_WARN_EMPTY_BODY = YES;
				CLANG_WARN_ENUM_CONVERSION = YES;
				CLANG_WARN_INFINITE_RECURSION = YES;
				CLANG_WARN_INT_CONVERSION = YES;
				CLANG_WARN_NON_LITERAL_NULL_CONVERSION = YES;
				CLANG_WARN_OBJC_IMPLICIT_RETAIN_SELF = YES;
				CLANG_WARN_OBJC_LITERAL_CONVERSION = YES;
				CLANG_WARN_OBJC_ROOT_CLASS = YES_ERROR;
				CLANG_WARN_QUOTED_INCLUDE_IN_FRAMEWORK_HEADER = YES;
				CLANG_WARN_RANGE_LOOP_ANALYSIS = YES;
				CLANG_WARN_STRICT_PROTOTYPES = YES;
				CLANG_WARN_SUSPICIOUS_MOVE = YES;
				CLANG_WARN_UNGUARDED_AVAILABILITY = YES_AGGRESSIVE;
				CLANG_WARN_UNREACHABLE_CODE = YES;
				CLANG_WARN__DUPLICATE_METHOD_MATCH = YES;
				COPY_PHASE_STRIP = NO;
				DEBUG_INFORMATION_FORMAT = dwarf;
				ENABLE_STRICT_OBJC_MSGSEND = YES;
				ENABLE_TESTABILITY = YES;
				GCC_C_LANGUAGE_STANDARD = gnu11;
				GCC_DYNAMIC_NO_PIC = NO;
				GCC_NO_COMMON_BLOCKS = YES;
				GCC_OPTIMIZATION_LEVEL = 0;
				GCC_PREPROCESSOR_DEFINITIONS = (
					"DEBUG=1",
					"$(inherited)",
				);
				GCC_WARN_64_TO_32_BIT_CONVERSION = YES;
				GCC_WARN_ABOUT_RETURN_TYPE = YES_ERROR;
				GCC_WARN_UNDECLARED_SELECTOR = YES;
				GCC_WARN_UNINITIALIZED_AUTOS = YES_AGGRESSIVE;
				GCC_WARN_UNUSED_FUNCTION = YES;
				GCC_WARN_UNUSED_VARIABLE = YES;
				IPHONEOS_DEPLOYMENT_TARGET = 14.3;
				MTL_ENABLE_DEBUG_INFO = INCLUDE_SOURCE;
				MTL_FAST_MATH = YES;
				ONLY_ACTIVE_ARCH = YES;
				SDKROOT = iphoneos;
				SWIFT_ACTIVE_COMPILATION_CONDITIONS = DEBUG;
				SWIFT_OPTIMIZATION_LEVEL = "-Onone";
			};
			name = Debug;
		};
		22A8E999259D72D700991200 /* Release */ = {
			isa = XCBuildConfiguration;
			buildSettings = {
				ALWAYS_SEARCH_USER_PATHS = NO;
				CLANG_ANALYZER_NONNULL = YES;
				CLANG_ANALYZER_NUMBER_OBJECT_CONVERSION = YES_AGGRESSIVE;
				CLANG_CXX_LANGUAGE_STANDARD = "gnu++14";
				CLANG_CXX_LIBRARY = "libc++";
				CLANG_ENABLE_MODULES = YES;
				CLANG_ENABLE_OBJC_ARC = YES;
				CLANG_ENABLE_OBJC_WEAK = YES;
				CLANG_WARN_BLOCK_CAPTURE_AUTORELEASING = YES;
				CLANG_WARN_BOOL_CONVERSION = YES;
				CLANG_WARN_COMMA = YES;
				CLANG_WARN_CONSTANT_CONVERSION = YES;
				CLANG_WARN_DEPRECATED_OBJC_IMPLEMENTATIONS = YES;
				CLANG_WARN_DIRECT_OBJC_ISA_USAGE = YES_ERROR;
				CLANG_WARN_DOCUMENTATION_COMMENTS = YES;
				CLANG_WARN_EMPTY_BODY = YES;
				CLANG_WARN_ENUM_CONVERSION = YES;
				CLANG_WARN_INFINITE_RECURSION = YES;
				CLANG_WARN_INT_CONVERSION = YES;
				CLANG_WARN_NON_LITERAL_NULL_CONVERSION = YES;
				CLANG_WARN_OBJC_IMPLICIT_RETAIN_SELF = YES;
				CLANG_WARN_OBJC_LITERAL_CONVERSION = YES;
				CLANG_WARN_OBJC_ROOT_CLASS = YES_ERROR;
				CLANG_WARN_QUOTED_INCLUDE_IN_FRAMEWORK_HEADER = YES;
				CLANG_WARN_RANGE_LOOP_ANALYSIS = YES;
				CLANG_WARN_STRICT_PROTOTYPES = YES;
				CLANG_WARN_SUSPICIOUS_MOVE = YES;
				CLANG_WARN_UNGUARDED_AVAILABILITY = YES_AGGRESSIVE;
				CLANG_WARN_UNREACHABLE_CODE = YES;
				CLANG_WARN__DUPLICATE_METHOD_MATCH = YES;
				COPY_PHASE_STRIP = NO;
				DEBUG_INFORMATION_FORMAT = "dwarf-with-dsym";
				ENABLE_NS_ASSERTIONS = NO;
				ENABLE_STRICT_OBJC_MSGSEND = YES;
				GCC_C_LANGUAGE_STANDARD = gnu11;
				GCC_NO_COMMON_BLOCKS = YES;
				GCC_WARN_64_TO_32_BIT_CONVERSION = YES;
				GCC_WARN_ABOUT_RETURN_TYPE = YES_ERROR;
				GCC_WARN_UNDECLARED_SELECTOR = YES;
				GCC_WARN_UNINITIALIZED_AUTOS = YES_AGGRESSIVE;
				GCC_WARN_UNUSED_FUNCTION = YES;
				GCC_WARN_UNUSED_VARIABLE = YES;
				IPHONEOS_DEPLOYMENT_TARGET = 14.3;
				MTL_ENABLE_DEBUG_INFO = NO;
				MTL_FAST_MATH = YES;
				SDKROOT = iphoneos;
				SWIFT_COMPILATION_MODE = wholemodule;
				SWIFT_OPTIMIZATION_LEVEL = "-O";
				VALIDATE_PRODUCT = YES;
			};
			name = Release;
		};
		22A8E99B259D72D700991200 /* Debug */ = {
			isa = XCBuildConfiguration;
			buildSettings = {
				ASSETCATALOG_COMPILER_APPICON_NAME = AppIcon;
				ASSETCATALOG_COMPILER_GLOBAL_ACCENT_COLOR_NAME = AccentColor;
				CODE_SIGN_STYLE = Automatic;
				DEVELOPMENT_ASSET_PATHS = "\"NationalParkMapOverlay/Preview Content\"";
				DEVELOPMENT_TEAM = CWU3FD8KRM;
				ENABLE_PREVIEWS = YES;
				INFOPLIST_FILE = NationalParkMapOverlay/Info.plist;
				IPHONEOS_DEPLOYMENT_TARGET = 14.0;
				LD_RUNPATH_SEARCH_PATHS = (
					"$(inherited)",
					"@executable_path/Frameworks",
				);
				PRODUCT_BUNDLE_IDENTIFIER = com.sreekuttan.NationalParkMapOverlay;
				PRODUCT_NAME = "$(TARGET_NAME)";
				SWIFT_VERSION = 5.0;
				TARGETED_DEVICE_FAMILY = "1,2";
			};
			name = Debug;
		};
		22A8E99C259D72D700991200 /* Release */ = {
			isa = XCBuildConfiguration;
			buildSettings = {
				ASSETCATALOG_COMPILER_APPICON_NAME = AppIcon;
				ASSETCATALOG_COMPILER_GLOBAL_ACCENT_COLOR_NAME = AccentColor;
				CODE_SIGN_STYLE = Automatic;
				DEVELOPMENT_ASSET_PATHS = "\"NationalParkMapOverlay/Preview Content\"";
				DEVELOPMENT_TEAM = CWU3FD8KRM;
				ENABLE_PREVIEWS = YES;
				INFOPLIST_FILE = NationalParkMapOverlay/Info.plist;
				IPHONEOS_DEPLOYMENT_TARGET = 14.0;
				LD_RUNPATH_SEARCH_PATHS = (
					"$(inherited)",
					"@executable_path/Frameworks",
				);
				PRODUCT_BUNDLE_IDENTIFIER = com.sreekuttan.NationalParkMapOverlay;
				PRODUCT_NAME = "$(TARGET_NAME)";
				SWIFT_VERSION = 5.0;
				TARGETED_DEVICE_FAMILY = "1,2";
			};
			name = Release;
		};
/* End XCBuildConfiguration section */

/* Begin XCConfigurationList section */
		22A8E986259D72D600991200 /* Build configuration list for PBXProject "NationalParkMapOverlay" */ = {
			isa = XCConfigurationList;
			buildConfigurations = (
				22A8E998259D72D700991200 /* Debug */,
				22A8E999259D72D700991200 /* Release */,
			);
			defaultConfigurationIsVisible = 0;
			defaultConfigurationName = Release;
		};
		22A8E99A259D72D700991200 /* Build configuration list for PBXNativeTarget "NationalParkMapOverlay" */ = {
			isa = XCConfigurationList;
			buildConfigurations = (
				22A8E99B259D72D700991200 /* Debug */,
				22A8E99C259D72D700991200 /* Release */,
			);
			defaultConfigurationIsVisible = 0;
			defaultConfigurationName = Release;
		};
/* End XCConfigurationList section */
	};
	rootObject = 22A8E983259D72D600991200 /* Project object */;
}
